// !$*UTF8*$!
{
	archiveVersion = 1;
	classes = {
	};
	objectVersion = 55;
	objects = {

/* Begin PBXBuildFile section */
		37974B9E2917C888001D0E95 /* Episode.swift in Sources */ = {isa = PBXBuildFile; fileRef = 37974B9D2917C888001D0E95 /* Episode.swift */; };
		37974BA32917CCED001D0E95 /* CharacterProfileViewController.swift in Sources */ = {isa = PBXBuildFile; fileRef = 37974BA22917CCED001D0E95 /* CharacterProfileViewController.swift */; };
		3797EDE6291421FF00AB6E50 /* NoNetworkViewController.swift in Sources */ = {isa = PBXBuildFile; fileRef = 3797EDE5291421FF00AB6E50 /* NoNetworkViewController.swift */; };
		3797EDE9291434A100AB6E50 /* RAMNetworkHandler.swift in Sources */ = {isa = PBXBuildFile; fileRef = 3797EDE8291434A100AB6E50 /* RAMNetworkHandler.swift */; };
		3798DED92911F5C10038BCBB /* RAMNetworkStatus.swift in Sources */ = {isa = PBXBuildFile; fileRef = 3798DED82911F5C10038BCBB /* RAMNetworkStatus.swift */; };
		37A387AF2917FB1200FE89A9 /* CharactersProfileViewModel.swift in Sources */ = {isa = PBXBuildFile; fileRef = 37A387AE2917FB1200FE89A9 /* CharactersProfileViewModel.swift */; };
		37A387B12917FBA000FE89A9 /* EpisodeManager.swift in Sources */ = {isa = PBXBuildFile; fileRef = 37A387B02917FBA000FE89A9 /* EpisodeManager.swift */; };
		37AA5594290E1FA5001B5A5E /* CharacterProfile.swift in Sources */ = {isa = PBXBuildFile; fileRef = 37AA5593290E1FA5001B5A5E /* CharacterProfile.swift */; };
		37AA5597290E2A19001B5A5E /* ImageCache.swift in Sources */ = {isa = PBXBuildFile; fileRef = 37AA5596290E2A19001B5A5E /* ImageCache.swift */; };
		37AB4A44290C37E000911E6E /* CharactersViewModel.swift in Sources */ = {isa = PBXBuildFile; fileRef = 37AB4A43290C37E000911E6E /* CharactersViewModel.swift */; };
		37AB4A46290C3E3500911E6E /* RAMSession.swift in Sources */ = {isa = PBXBuildFile; fileRef = 37AB4A45290C3E3500911E6E /* RAMSession.swift */; };
		37AEA703290BCC3E00A1D24B /* CharacterCell.swift in Sources */ = {isa = PBXBuildFile; fileRef = 37AEA701290BCC3E00A1D24B /* CharacterCell.swift */; };
		37AEA704290BCC3E00A1D24B /* CharacterCell.xib in Resources */ = {isa = PBXBuildFile; fileRef = 37AEA702290BCC3E00A1D24B /* CharacterCell.xib */; };
		37EDF398290BB33300BFF76D /* AppDelegate.swift in Sources */ = {isa = PBXBuildFile; fileRef = 37EDF397290BB33300BFF76D /* AppDelegate.swift */; };
		37EDF39C290BB33300BFF76D /* CharactersViewController.swift in Sources */ = {isa = PBXBuildFile; fileRef = 37EDF39B290BB33300BFF76D /* CharactersViewController.swift */; };
		37EDF39F290BB33300BFF76D /* Main.storyboard in Resources */ = {isa = PBXBuildFile; fileRef = 37EDF39D290BB33300BFF76D /* Main.storyboard */; };
		37EDF3A1290BB33500BFF76D /* Assets.xcassets in Resources */ = {isa = PBXBuildFile; fileRef = 37EDF3A0290BB33500BFF76D /* Assets.xcassets */; };
		37EDF3A4290BB33500BFF76D /* LaunchScreen.storyboard in Resources */ = {isa = PBXBuildFile; fileRef = 37EDF3A2290BB33500BFF76D /* LaunchScreen.storyboard */; };
		37EDF3AC290BB6B600BFF76D /* APIEngine.swift in Sources */ = {isa = PBXBuildFile; fileRef = 37EDF3AB290BB6B600BFF76D /* APIEngine.swift */; };
		37EDF3AE290BC25000BFF76D /* RAMErrorManager.swift in Sources */ = {isa = PBXBuildFile; fileRef = 37EDF3AD290BC25000BFF76D /* RAMErrorManager.swift */; };
		37EDF3B2290BC3BA00BFF76D /* CharactersManager.swift in Sources */ = {isa = PBXBuildFile; fileRef = 37EDF3B1290BC3BA00BFF76D /* CharactersManager.swift */; };
		37EDF3B4290BC65700BFF76D /* NetworkConstants.swift in Sources */ = {isa = PBXBuildFile; fileRef = 37EDF3B3290BC65700BFF76D /* NetworkConstants.swift */; };
/* End PBXBuildFile section */

/* Begin PBXFileReference section */
		37974B9D2917C888001D0E95 /* Episode.swift */ = {isa = PBXFileReference; lastKnownFileType = sourcecode.swift; path = Episode.swift; sourceTree = "<group>"; };
		37974BA22917CCED001D0E95 /* CharacterProfileViewController.swift */ = {isa = PBXFileReference; lastKnownFileType = sourcecode.swift; path = CharacterProfileViewController.swift; sourceTree = "<group>"; };
		3797EDE5291421FF00AB6E50 /* NoNetworkViewController.swift */ = {isa = PBXFileReference; lastKnownFileType = sourcecode.swift; path = NoNetworkViewController.swift; sourceTree = "<group>"; };
		3797EDE8291434A100AB6E50 /* RAMNetworkHandler.swift */ = {isa = PBXFileReference; lastKnownFileType = sourcecode.swift; path = RAMNetworkHandler.swift; sourceTree = "<group>"; };
		3798DED82911F5C10038BCBB /* RAMNetworkStatus.swift */ = {isa = PBXFileReference; lastKnownFileType = sourcecode.swift; path = RAMNetworkStatus.swift; sourceTree = "<group>"; };
		37A387AE2917FB1200FE89A9 /* CharactersProfileViewModel.swift */ = {isa = PBXFileReference; lastKnownFileType = sourcecode.swift; path = CharactersProfileViewModel.swift; sourceTree = "<group>"; };
		37A387B02917FBA000FE89A9 /* EpisodeManager.swift */ = {isa = PBXFileReference; lastKnownFileType = sourcecode.swift; path = EpisodeManager.swift; sourceTree = "<group>"; };
		37AA5593290E1FA5001B5A5E /* CharacterProfile.swift */ = {isa = PBXFileReference; lastKnownFileType = sourcecode.swift; path = CharacterProfile.swift; sourceTree = "<group>"; };
		37AA5596290E2A19001B5A5E /* ImageCache.swift */ = {isa = PBXFileReference; lastKnownFileType = sourcecode.swift; path = ImageCache.swift; sourceTree = "<group>"; };
		37AB4A43290C37E000911E6E /* CharactersViewModel.swift */ = {isa = PBXFileReference; lastKnownFileType = sourcecode.swift; path = CharactersViewModel.swift; sourceTree = "<group>"; };
		37AB4A45290C3E3500911E6E /* RAMSession.swift */ = {isa = PBXFileReference; lastKnownFileType = sourcecode.swift; path = RAMSession.swift; sourceTree = "<group>"; };
		37AEA701290BCC3E00A1D24B /* CharacterCell.swift */ = {isa = PBXFileReference; lastKnownFileType = sourcecode.swift; path = CharacterCell.swift; sourceTree = "<group>"; };
		37AEA702290BCC3E00A1D24B /* CharacterCell.xib */ = {isa = PBXFileReference; lastKnownFileType = file.xib; path = CharacterCell.xib; sourceTree = "<group>"; };
		37EDF394290BB33300BFF76D /* RickyAndMortyCharcters.app */ = {isa = PBXFileReference; explicitFileType = wrapper.application; includeInIndex = 0; path = RickyAndMortyCharcters.app; sourceTree = BUILT_PRODUCTS_DIR; };
		37EDF397290BB33300BFF76D /* AppDelegate.swift */ = {isa = PBXFileReference; lastKnownFileType = sourcecode.swift; path = AppDelegate.swift; sourceTree = "<group>"; };
		37EDF39B290BB33300BFF76D /* CharactersViewController.swift */ = {isa = PBXFileReference; lastKnownFileType = sourcecode.swift; path = CharactersViewController.swift; sourceTree = "<group>"; };
		37EDF39E290BB33300BFF76D /* Base */ = {isa = PBXFileReference; lastKnownFileType = file.storyboard; name = Base; path = Base.lproj/Main.storyboard; sourceTree = "<group>"; };
		37EDF3A0290BB33500BFF76D /* Assets.xcassets */ = {isa = PBXFileReference; lastKnownFileType = folder.assetcatalog; path = Assets.xcassets; sourceTree = "<group>"; };
		37EDF3A3290BB33500BFF76D /* Base */ = {isa = PBXFileReference; lastKnownFileType = file.storyboard; name = Base; path = Base.lproj/LaunchScreen.storyboard; sourceTree = "<group>"; };
		37EDF3A5290BB33500BFF76D /* Info.plist */ = {isa = PBXFileReference; lastKnownFileType = text.plist.xml; path = Info.plist; sourceTree = "<group>"; };
		37EDF3AB290BB6B600BFF76D /* APIEngine.swift */ = {isa = PBXFileReference; lastKnownFileType = sourcecode.swift; path = APIEngine.swift; sourceTree = "<group>"; };
		37EDF3AD290BC25000BFF76D /* RAMErrorManager.swift */ = {isa = PBXFileReference; lastKnownFileType = sourcecode.swift; path = RAMErrorManager.swift; sourceTree = "<group>"; };
		37EDF3B1290BC3BA00BFF76D /* CharactersManager.swift */ = {isa = PBXFileReference; lastKnownFileType = sourcecode.swift; path = CharactersManager.swift; sourceTree = "<group>"; };
		37EDF3B3290BC65700BFF76D /* NetworkConstants.swift */ = {isa = PBXFileReference; lastKnownFileType = sourcecode.swift; path = NetworkConstants.swift; sourceTree = "<group>"; };
/* End PBXFileReference section */

/* Begin PBXFrameworksBuildPhase section */
		37EDF391290BB33300BFF76D /* Frameworks */ = {
			isa = PBXFrameworksBuildPhase;
			buildActionMask = 2147483647;
			files = (
			);
			runOnlyForDeploymentPostprocessing = 0;
		};
/* End PBXFrameworksBuildPhase section */

/* Begin PBXGroup section */
		37783395290D251C006487AE /* Character Cell */ = {
			isa = PBXGroup;
			children = (
				37AEA701290BCC3E00A1D24B /* CharacterCell.swift */,
				37AEA702290BCC3E00A1D24B /* CharacterCell.xib */,
			);
			path = "Character Cell";
			sourceTree = "<group>";
		};
		37974B9F2917C8DF001D0E95 /* Characters */ = {
			isa = PBXGroup;
			children = (
				37EDF39B290BB33300BFF76D /* CharactersViewController.swift */,
				37AB4A43290C37E000911E6E /* CharactersViewModel.swift */,
			);
			path = Characters;
			sourceTree = "<group>";
		};
		37974BA02917C987001D0E95 /* Models */ = {
			isa = PBXGroup;
			children = (
				37AA5593290E1FA5001B5A5E /* CharacterProfile.swift */,
				37974B9D2917C888001D0E95 /* Episode.swift */,
			);
			path = Models;
			sourceTree = "<group>";
		};
		37974BA12917C9AC001D0E95 /* Controllers */ = {
			isa = PBXGroup;
			children = (
				37974B9F2917C8DF001D0E95 /* Characters */,
				3797EDE72914220E00AB6E50 /* NoNetwork */,
				37974BA22917CCED001D0E95 /* CharacterProfileViewController.swift */,
				37A387AE2917FB1200FE89A9 /* CharactersProfileViewModel.swift */,
			);
			path = Controllers;
			sourceTree = "<group>";
		};
		3797EDE72914220E00AB6E50 /* NoNetwork */ = {
			isa = PBXGroup;
			children = (
				3797EDE5291421FF00AB6E50 /* NoNetworkViewController.swift */,
			);
			path = NoNetwork;
			sourceTree = "<group>";
		};
		37AA5595290E29FD001B5A5E /* Cache */ = {
			isa = PBXGroup;
			children = (
				37AA5596290E2A19001B5A5E /* ImageCache.swift */,
			);
			path = Cache;
			sourceTree = "<group>";
		};
		37EDF38B290BB33300BFF76D = {
			isa = PBXGroup;
			children = (
				37EDF396290BB33300BFF76D /* RickyAndMortyCharcters */,
				37EDF395290BB33300BFF76D /* Products */,
			);
			sourceTree = "<group>";
		};
		37EDF395290BB33300BFF76D /* Products */ = {
			isa = PBXGroup;
			children = (
				37EDF394290BB33300BFF76D /* RickyAndMortyCharcters.app */,
			);
			name = Products;
			sourceTree = "<group>";
		};
		37EDF396290BB33300BFF76D /* RickyAndMortyCharcters */ = {
			isa = PBXGroup;
			children = (
				37EDF397290BB33300BFF76D /* AppDelegate.swift */,
				37974BA12917C9AC001D0E95 /* Controllers */,
				37974BA02917C987001D0E95 /* Models */,
				37783395290D251C006487AE /* Character Cell */,
				37EDF3B0290BC37C00BFF76D /* Network */,
				37AA5595290E29FD001B5A5E /* Cache */,
				37EDF3AF290BC36A00BFF76D /* RAMHelpers */,
				37EDF39D290BB33300BFF76D /* Main.storyboard */,
				37EDF3A0290BB33500BFF76D /* Assets.xcassets */,
				37EDF3A2290BB33500BFF76D /* LaunchScreen.storyboard */,
				37EDF3A5290BB33500BFF76D /* Info.plist */,
			);
			path = RickyAndMortyCharcters;
			sourceTree = "<group>";
		};
		37EDF3AF290BC36A00BFF76D /* RAMHelpers */ = {
			isa = PBXGroup;
			children = (
				37EDF3AD290BC25000BFF76D /* RAMErrorManager.swift */,
				37AB4A45290C3E3500911E6E /* RAMSession.swift */,
				3798DED82911F5C10038BCBB /* RAMNetworkStatus.swift */,
				3797EDE8291434A100AB6E50 /* RAMNetworkHandler.swift */,
			);
			path = RAMHelpers;
			sourceTree = "<group>";
		};
		37EDF3B0290BC37C00BFF76D /* Network */ = {
			isa = PBXGroup;
			children = (
				37EDF3AB290BB6B600BFF76D /* APIEngine.swift */,
				37EDF3B1290BC3BA00BFF76D /* CharactersManager.swift */,
				37A387B02917FBA000FE89A9 /* EpisodeManager.swift */,
				37EDF3B3290BC65700BFF76D /* NetworkConstants.swift */,
			);
			path = Network;
			sourceTree = "<group>";
		};
/* End PBXGroup section */

/* Begin PBXNativeTarget section */
		37EDF393290BB33300BFF76D /* RickyAndMortyCharcters */ = {
			isa = PBXNativeTarget;
			buildConfigurationList = 37EDF3A8290BB33500BFF76D /* Build configuration list for PBXNativeTarget "RickyAndMortyCharcters" */;
			buildPhases = (
				37EDF390290BB33300BFF76D /* Sources */,
				37EDF391290BB33300BFF76D /* Frameworks */,
				37EDF392290BB33300BFF76D /* Resources */,
			);
			buildRules = (
			);
			dependencies = (
			);
			name = RickyAndMortyCharcters;
			productName = RickyAndMortyCharcters;
			productReference = 37EDF394290BB33300BFF76D /* RickyAndMortyCharcters.app */;
			productType = "com.apple.product-type.application";
		};
/* End PBXNativeTarget section */

/* Begin PBXProject section */
		37EDF38C290BB33300BFF76D /* Project object */ = {
			isa = PBXProject;
			attributes = {
				BuildIndependentTargetsInParallel = 1;
				LastSwiftUpdateCheck = 1340;
				LastUpgradeCheck = 1340;
				TargetAttributes = {
					37EDF393290BB33300BFF76D = {
						CreatedOnToolsVersion = 13.4.1;
					};
				};
			};
			buildConfigurationList = 37EDF38F290BB33300BFF76D /* Build configuration list for PBXProject "RickyAndMortyCharcters" */;
			compatibilityVersion = "Xcode 13.0";
			developmentRegion = en;
			hasScannedForEncodings = 0;
			knownRegions = (
				en,
				Base,
			);
			mainGroup = 37EDF38B290BB33300BFF76D;
			productRefGroup = 37EDF395290BB33300BFF76D /* Products */;
			projectDirPath = "";
			projectRoot = "";
			targets = (
				37EDF393290BB33300BFF76D /* RickyAndMortyCharcters */,
			);
		};
/* End PBXProject section */

/* Begin PBXResourcesBuildPhase section */
		37EDF392290BB33300BFF76D /* Resources */ = {
			isa = PBXResourcesBuildPhase;
			buildActionMask = 2147483647;
			files = (
				37EDF3A4290BB33500BFF76D /* LaunchScreen.storyboard in Resources */,
				37EDF3A1290BB33500BFF76D /* Assets.xcassets in Resources */,
				37EDF39F290BB33300BFF76D /* Main.storyboard in Resources */,
				37AEA704290BCC3E00A1D24B /* CharacterCell.xib in Resources */,
			);
			runOnlyForDeploymentPostprocessing = 0;
		};
/* End PBXResourcesBuildPhase section */

/* Begin PBXSourcesBuildPhase section */
		37EDF390290BB33300BFF76D /* Sources */ = {
			isa = PBXSourcesBuildPhase;
			buildActionMask = 2147483647;
			files = (
				37AB4A44290C37E000911E6E /* CharactersViewModel.swift in Sources */,
				37974B9E2917C888001D0E95 /* Episode.swift in Sources */,
				37AA5594290E1FA5001B5A5E /* CharacterProfile.swift in Sources */,
				37EDF3B4290BC65700BFF76D /* NetworkConstants.swift in Sources */,
				3797EDE6291421FF00AB6E50 /* NoNetworkViewController.swift in Sources */,
				37EDF39C290BB33300BFF76D /* CharactersViewController.swift in Sources */,
				37A387B12917FBA000FE89A9 /* EpisodeManager.swift in Sources */,
				3798DED92911F5C10038BCBB /* RAMNetworkStatus.swift in Sources */,
				37AB4A46290C3E3500911E6E /* RAMSession.swift in Sources */,
				37AA5597290E2A19001B5A5E /* ImageCache.swift in Sources */,
				37A387AF2917FB1200FE89A9 /* CharactersProfileViewModel.swift in Sources */,
				37EDF3AE290BC25000BFF76D /* RAMErrorManager.swift in Sources */,
				37AEA703290BCC3E00A1D24B /* CharacterCell.swift in Sources */,
				37974BA32917CCED001D0E95 /* CharacterProfileViewController.swift in Sources */,
				37EDF3B2290BC3BA00BFF76D /* CharactersManager.swift in Sources */,
				3797EDE9291434A100AB6E50 /* RAMNetworkHandler.swift in Sources */,
				37EDF3AC290BB6B600BFF76D /* APIEngine.swift in Sources */,
				37EDF398290BB33300BFF76D /* AppDelegate.swift in Sources */,
			);
			runOnlyForDeploymentPostprocessing = 0;
		};
/* End PBXSourcesBuildPhase section */

/* Begin PBXVariantGroup section */
		37EDF39D290BB33300BFF76D /* Main.storyboard */ = {
			isa = PBXVariantGroup;
			children = (
				37EDF39E290BB33300BFF76D /* Base */,
			);
			name = Main.storyboard;
			sourceTree = "<group>";
		};
		37EDF3A2290BB33500BFF76D /* LaunchScreen.storyboard */ = {
			isa = PBXVariantGroup;
			children = (
				37EDF3A3290BB33500BFF76D /* Base */,
			);
			name = LaunchScreen.storyboard;
			sourceTree = "<group>";
		};
/* End PBXVariantGroup section */

/* Begin XCBuildConfiguration section */
		37EDF3A6290BB33500BFF76D /* Debug */ = {
			isa = XCBuildConfiguration;
			buildSettings = {
				ALWAYS_SEARCH_USER_PATHS = NO;
				CLANG_ANALYZER_NONNULL = YES;
				CLANG_ANALYZER_NUMBER_OBJECT_CONVERSION = YES_AGGRESSIVE;
				CLANG_CXX_LANGUAGE_STANDARD = "gnu++17";
				CLANG_ENABLE_MODULES = YES;
				CLANG_ENABLE_OBJC_ARC = YES;
				CLANG_ENABLE_OBJC_WEAK = YES;
				CLANG_WARN_BLOCK_CAPTURE_AUTORELEASING = YES;
				CLANG_WARN_BOOL_CONVERSION = YES;
				CLANG_WARN_COMMA = YES;
				CLANG_WARN_CONSTANT_CONVERSION = YES;
				CLANG_WARN_DEPRECATED_OBJC_IMPLEMENTATIONS = YES;
				CLANG_WARN_DIRECT_OBJC_ISA_USAGE = YES_ERROR;
				CLANG_WARN_DOCUMENTATION_COMMENTS = YES;
				CLANG_WARN_EMPTY_BODY = YES;
				CLANG_WARN_ENUM_CONVERSION = YES;
				CLANG_WARN_INFINITE_RECURSION = YES;
				CLANG_WARN_INT_CONVERSION = YES;
				CLANG_WARN_NON_LITERAL_NULL_CONVERSION = YES;
				CLANG_WARN_OBJC_IMPLICIT_RETAIN_SELF = YES;
				CLANG_WARN_OBJC_LITERAL_CONVERSION = YES;
				CLANG_WARN_OBJC_ROOT_CLASS = YES_ERROR;
				CLANG_WARN_QUOTED_INCLUDE_IN_FRAMEWORK_HEADER = YES;
				CLANG_WARN_RANGE_LOOP_ANALYSIS = YES;
				CLANG_WARN_STRICT_PROTOTYPES = YES;
				CLANG_WARN_SUSPICIOUS_MOVE = YES;
				CLANG_WARN_UNGUARDED_AVAILABILITY = YES_AGGRESSIVE;
				CLANG_WARN_UNREACHABLE_CODE = YES;
				CLANG_WARN__DUPLICATE_METHOD_MATCH = YES;
				COPY_PHASE_STRIP = NO;
				DEBUG_INFORMATION_FORMAT = dwarf;
				ENABLE_STRICT_OBJC_MSGSEND = YES;
				ENABLE_TESTABILITY = YES;
				GCC_C_LANGUAGE_STANDARD = gnu11;
				GCC_DYNAMIC_NO_PIC = NO;
				GCC_NO_COMMON_BLOCKS = YES;
				GCC_OPTIMIZATION_LEVEL = 0;
				GCC_PREPROCESSOR_DEFINITIONS = (
					"DEBUG=1",
					"$(inherited)",
				);
				GCC_WARN_64_TO_32_BIT_CONVERSION = YES;
				GCC_WARN_ABOUT_RETURN_TYPE = YES_ERROR;
				GCC_WARN_UNDECLARED_SELECTOR = YES;
				GCC_WARN_UNINITIALIZED_AUTOS = YES_AGGRESSIVE;
				GCC_WARN_UNUSED_FUNCTION = YES;
				GCC_WARN_UNUSED_VARIABLE = YES;
				IPHONEOS_DEPLOYMENT_TARGET = 15.5;
				MTL_ENABLE_DEBUG_INFO = INCLUDE_SOURCE;
				MTL_FAST_MATH = YES;
				ONLY_ACTIVE_ARCH = YES;
				SDKROOT = iphoneos;
				SWIFT_ACTIVE_COMPILATION_CONDITIONS = DEBUG;
				SWIFT_OPTIMIZATION_LEVEL = "-Onone";
			};
			name = Debug;
		};
		37EDF3A7290BB33500BFF76D /* Release */ = {
			isa = XCBuildConfiguration;
			buildSettings = {
				ALWAYS_SEARCH_USER_PATHS = NO;
				CLANG_ANALYZER_NONNULL = YES;
				CLANG_ANALYZER_NUMBER_OBJECT_CONVERSION = YES_AGGRESSIVE;
				CLANG_CXX_LANGUAGE_STANDARD = "gnu++17";
				CLANG_ENABLE_MODULES = YES;
				CLANG_ENABLE_OBJC_ARC = YES;
				CLANG_ENABLE_OBJC_WEAK = YES;
				CLANG_WARN_BLOCK_CAPTURE_AUTORELEASING = YES;
				CLANG_WARN_BOOL_CONVERSION = YES;
				CLANG_WARN_COMMA = YES;
				CLANG_WARN_CONSTANT_CONVERSION = YES;
				CLANG_WARN_DEPRECATED_OBJC_IMPLEMENTATIONS = YES;
				CLANG_WARN_DIRECT_OBJC_ISA_USAGE = YES_ERROR;
				CLANG_WARN_DOCUMENTATION_COMMENTS = YES;
				CLANG_WARN_EMPTY_BODY = YES;
				CLANG_WARN_ENUM_CONVERSION = YES;
				CLANG_WARN_INFINITE_RECURSION = YES;
				CLANG_WARN_INT_CONVERSION = YES;
				CLANG_WARN_NON_LITERAL_NULL_CONVERSION = YES;
				CLANG_WARN_OBJC_IMPLICIT_RETAIN_SELF = YES;
				CLANG_WARN_OBJC_LITERAL_CONVERSION = YES;
				CLANG_WARN_OBJC_ROOT_CLASS = YES_ERROR;
				CLANG_WARN_QUOTED_INCLUDE_IN_FRAMEWORK_HEADER = YES;
				CLANG_WARN_RANGE_LOOP_ANALYSIS = YES;
				CLANG_WARN_STRICT_PROTOTYPES = YES;
				CLANG_WARN_SUSPICIOUS_MOVE = YES;
				CLANG_WARN_UNGUARDED_AVAILABILITY = YES_AGGRESSIVE;
				CLANG_WARN_UNREACHABLE_CODE = YES;
				CLANG_WARN__DUPLICATE_METHOD_MATCH = YES;
				COPY_PHASE_STRIP = NO;
				DEBUG_INFORMATION_FORMAT = "dwarf-with-dsym";
				ENABLE_NS_ASSERTIONS = NO;
				ENABLE_STRICT_OBJC_MSGSEND = YES;
				GCC_C_LANGUAGE_STANDARD = gnu11;
				GCC_NO_COMMON_BLOCKS = YES;
				GCC_WARN_64_TO_32_BIT_CONVERSION = YES;
				GCC_WARN_ABOUT_RETURN_TYPE = YES_ERROR;
				GCC_WARN_UNDECLARED_SELECTOR = YES;
				GCC_WARN_UNINITIALIZED_AUTOS = YES_AGGRESSIVE;
				GCC_WARN_UNUSED_FUNCTION = YES;
				GCC_WARN_UNUSED_VARIABLE = YES;
				IPHONEOS_DEPLOYMENT_TARGET = 15.5;
				MTL_ENABLE_DEBUG_INFO = NO;
				MTL_FAST_MATH = YES;
				SDKROOT = iphoneos;
				SWIFT_COMPILATION_MODE = wholemodule;
				SWIFT_OPTIMIZATION_LEVEL = "-O";
				VALIDATE_PRODUCT = YES;
			};
			name = Release;
		};
		37EDF3A9290BB33500BFF76D /* Debug */ = {
			isa = XCBuildConfiguration;
			buildSettings = {
				ASSETCATALOG_COMPILER_APPICON_NAME = AppIcon;
				ASSETCATALOG_COMPILER_GLOBAL_ACCENT_COLOR_NAME = AccentColor;
				CODE_SIGN_STYLE = Automatic;
				CURRENT_PROJECT_VERSION = 1;
				DEVELOPMENT_TEAM = G857DJXR55;
				GENERATE_INFOPLIST_FILE = YES;
				INFOPLIST_FILE = RickyAndMortyCharcters/Info.plist;
				INFOPLIST_KEY_UIApplicationSupportsIndirectInputEvents = YES;
				INFOPLIST_KEY_UILaunchStoryboardName = LaunchScreen;
				INFOPLIST_KEY_UIMainStoryboardFile = Main;
				INFOPLIST_KEY_UISupportedInterfaceOrientations_iPad = "UIInterfaceOrientationPortrait UIInterfaceOrientationPortraitUpsideDown UIInterfaceOrientationLandscapeLeft UIInterfaceOrientationLandscapeRight";
				INFOPLIST_KEY_UISupportedInterfaceOrientations_iPhone = "UIInterfaceOrientationPortrait UIInterfaceOrientationLandscapeLeft UIInterfaceOrientationLandscapeRight";
				LD_RUNPATH_SEARCH_PATHS = (
					"$(inherited)",
					"@executable_path/Frameworks",
				);
				MARKETING_VERSION = 1.0;
				PRODUCT_BUNDLE_IDENTIFIER = com.SSW.RickyAndMortyCharcters;
				PRODUCT_NAME = "$(TARGET_NAME)";
				SWIFT_EMIT_LOC_STRINGS = YES;
				SWIFT_VERSION = 5.0;
				TARGETED_DEVICE_FAMILY = "1,2";
			};
			name = Debug;
		};
		37EDF3AA290BB33500BFF76D /* Release */ = {
			isa = XCBuildConfiguration;
			buildSettings = {
				ASSETCATALOG_COMPILER_APPICON_NAME = AppIcon;
				ASSETCATALOG_COMPILER_GLOBAL_ACCENT_COLOR_NAME = AccentColor;
				CODE_SIGN_STYLE = Automatic;
				CURRENT_PROJECT_VERSION = 1;
				DEVELOPMENT_TEAM = G857DJXR55;
				GENERATE_INFOPLIST_FILE = YES;
				INFOPLIST_FILE = RickyAndMortyCharcters/Info.plist;
				INFOPLIST_KEY_UIApplicationSupportsIndirectInputEvents = YES;
				INFOPLIST_KEY_UILaunchStoryboardName = LaunchScreen;
				INFOPLIST_KEY_UIMainStoryboardFile = Main;
				INFOPLIST_KEY_UISupportedInterfaceOrientations_iPad = "UIInterfaceOrientationPortrait UIInterfaceOrientationPortraitUpsideDown UIInterfaceOrientationLandscapeLeft UIInterfaceOrientationLandscapeRight";
				INFOPLIST_KEY_UISupportedInterfaceOrientations_iPhone = "UIInterfaceOrientationPortrait UIInterfaceOrientationLandscapeLeft UIInterfaceOrientationLandscapeRight";
				LD_RUNPATH_SEARCH_PATHS = (
					"$(inherited)",
					"@executable_path/Frameworks",
				);
				MARKETING_VERSION = 1.0;
				PRODUCT_BUNDLE_IDENTIFIER = com.SSW.RickyAndMortyCharcters;
				PRODUCT_NAME = "$(TARGET_NAME)";
				SWIFT_EMIT_LOC_STRINGS = YES;
				SWIFT_VERSION = 5.0;
				TARGETED_DEVICE_FAMILY = "1,2";
			};
			name = Release;
		};
/* End XCBuildConfiguration section */

/* Begin XCConfigurationList section */
		37EDF38F290BB33300BFF76D /* Build configuration list for PBXProject "RickyAndMortyCharcters" */ = {
			isa = XCConfigurationList;
			buildConfigurations = (
				37EDF3A6290BB33500BFF76D /* Debug */,
				37EDF3A7290BB33500BFF76D /* Release */,
			);
			defaultConfigurationIsVisible = 0;
			defaultConfigurationName = Release;
		};
		37EDF3A8290BB33500BFF76D /* Build configuration list for PBXNativeTarget "RickyAndMortyCharcters" */ = {
			isa = XCConfigurationList;
			buildConfigurations = (
				37EDF3A9290BB33500BFF76D /* Debug */,
				37EDF3AA290BB33500BFF76D /* Release */,
			);
			defaultConfigurationIsVisible = 0;
			defaultConfigurationName = Release;
		};
/* End XCConfigurationList section */
	};
	rootObject = 37EDF38C290BB33300BFF76D /* Project object */;
}
